
Microsoft Visual Studio Solution File, Format Version 12.00
# Visual Studio 15
VisualStudioVersion = 15.0.27130.2027
MinimumVisualStudioVersion = 10.0.40219.1
Project("{FAE04EC0-301F-11D3-BF4B-00C04F79EFBC}") = "SimpleCalculator", "SimpleCalculator\SimpleCalculator.csproj", "{112324A5-50B0-4A5B-A875-E24C142872B3}"
EndProject
Project("{FAE04EC0-301F-11D3-BF4B-00C04F79EFBC}") = "Calculator.Application", "Calculator.Application\Calculator.Application.csproj", "{182B19D3-BCA8-4C6E-99E2-ABC41DB2BD4F}"
EndProject
Project("{FAE04EC0-301F-11D3-BF4B-00C04F79EFBC}") = "Calculator.Test.Unit", "Calculator.Test.Unit\Calculator.Test.Unit.csproj", "{8585AB70-988C-42F4-A517-72F1CE176A41}"
EndProject
Global
	GlobalSection(SolutionConfigurationPlatforms) = preSolution
		Debug|Any CPU = Debug|Any CPU
		Release|Any CPU = Release|Any CPU
	EndGlobalSection
	GlobalSection(ProjectConfigurationPlatforms) = postSolution
		{112324A5-50B0-4A5B-A875-E24C142872B3}.Debug|Any CPU.ActiveCfg = Debug|Any CPU
		{112324A5-50B0-4A5B-A875-E24C142872B3}.Debug|Any CPU.Build.0 = Debug|Any CPU
		{112324A5-50B0-4A5B-A875-E24C142872B3}.Release|Any CPU.ActiveCfg = Release|Any CPU
		{112324A5-50B0-4A5B-A875-E24C142872B3}.Release|Any CPU.Build.0 = Release|Any CPU
		{182B19D3-BCA8-4C6E-99E2-ABC41DB2BD4F}.Debug|Any CPU.ActiveCfg = Debug|Any CPU
		{182B19D3-BCA8-4C6E-99E2-ABC41DB2BD4F}.Debug|Any CPU.Build.0 = Debug|Any CPU
		{182B19D3-BCA8-4C6E-99E2-ABC41DB2BD4F}.Release|Any CPU.ActiveCfg = Release|Any CPU
		{182B19D3-BCA8-4C6E-99E2-ABC41DB2BD4F}.Release|Any CPU.Build.0 = Release|Any CPU
		{8585AB70-988C-42F4-A517-72F1CE176A41}.Debug|Any CPU.ActiveCfg = Debug|Any CPU
		{8585AB70-988C-42F4-A517-72F1CE176A41}.Debug|Any CPU.Build.0 = Debug|Any CPU
		{8585AB70-988C-42F4-A517-72F1CE176A41}.Release|Any CPU.ActiveCfg = Release|Any CPU
		{8585AB70-988C-42F4-A517-72F1CE176A41}.Release|Any CPU.Build.0 = Release|Any CPU
	EndGlobalSection
	GlobalSection(SolutionProperties) = preSolution
		HideSolutionNode = FALSE
	EndGlobalSection
	GlobalSection(ExtensibilityGlobals) = postSolution
		SolutionGuid = {D9716470-5437-44A7-AB81-FC24B9C9ED5B}
	EndGlobalSection
EndGlobal
